
Microsoft Visual Studio Solution File, Format Version 12.00
# Visual Studio Version 16
VisualStudioVersion = 16.0.31025.194
MinimumVisualStudioVersion = 10.0.40219.1
Project("{9A19103F-16F7-4668-BE54-9A1E7A4F7556}") = "Publisher", "Publisher\Publisher.csproj", "{497C2A21-1566-4744-97EE-CAD9AC9CE024}"
EndProject
Project("{9A19103F-16F7-4668-BE54-9A1E7A4F7556}") = "Subscriber", "Subscriber\Subscriber.csproj", "{C412A849-CB21-47B0-865B-43DA439BBBF8}"
EndProject
Project("{FAE04EC0-301F-11D3-BF4B-00C04F79EFBC}") = "SubscriberTwo", "SubscriberTwo\SubscriberTwo.csproj", "{6EB07DF1-8B4E-4D57-896D-05B70C5ACA86}"
EndProject
Global
	GlobalSection(SolutionConfigurationPlatforms) = preSolution
		Debug|Any CPU = Debug|Any CPU
		Release|Any CPU = Release|Any CPU
	EndGlobalSection
	GlobalSection(ProjectConfigurationPlatforms) = postSolution
		{497C2A21-1566-4744-97EE-CAD9AC9CE024}.Debug|Any CPU.ActiveCfg = Debug|Any CPU
		{497C2A21-1566-4744-97EE-CAD9AC9CE024}.Debug|Any CPU.Build.0 = Debug|Any CPU
		{497C2A21-1566-4744-97EE-CAD9AC9CE024}.Release|Any CPU.ActiveCfg = Release|Any CPU
		{497C2A21-1566-4744-97EE-CAD9AC9CE024}.Release|Any CPU.Build.0 = Release|Any CPU
		{C412A849-CB21-47B0-865B-43DA439BBBF8}.Debug|Any CPU.ActiveCfg = Debug|Any CPU
		{C412A849-CB21-47B0-865B-43DA439BBBF8}.Debug|Any CPU.Build.0 = Debug|Any CPU
		{C412A849-CB21-47B0-865B-43DA439BBBF8}.Release|Any CPU.ActiveCfg = Release|Any CPU
		{C412A849-CB21-47B0-865B-43DA439BBBF8}.Release|Any CPU.Build.0 = Release|Any CPU
		{6EB07DF1-8B4E-4D57-896D-05B70C5ACA86}.Debug|Any CPU.ActiveCfg = Debug|Any CPU
		{6EB07DF1-8B4E-4D57-896D-05B70C5ACA86}.Debug|Any CPU.Build.0 = Debug|Any CPU
		{6EB07DF1-8B4E-4D57-896D-05B70C5ACA86}.Release|Any CPU.ActiveCfg = Release|Any CPU
		{6EB07DF1-8B4E-4D57-896D-05B70C5ACA86}.Release|Any CPU.Build.0 = Release|Any CPU
	EndGlobalSection
	GlobalSection(SolutionProperties) = preSolution
		HideSolutionNode = FALSE
	EndGlobalSection
	GlobalSection(ExtensibilityGlobals) = postSolution
		SolutionGuid = {B42C0050-3346-4447-93F6-4DC487A46576}
	EndGlobalSection
EndGlobal
