
Microsoft Visual Studio Solution File, Format Version 12.00
# Visual Studio Version 16
VisualStudioVersion = 16.0.31025.194
MinimumVisualStudioVersion = 10.0.40219.1
Project("{9A19103F-16F7-4668-BE54-9A1E7A4F7556}") = "Publisher", "Publisher\Publisher.csproj", "{A1200C92-7801-4AA0-B290-9D85CD800474}"
EndProject
Project("{9A19103F-16F7-4668-BE54-9A1E7A4F7556}") = "Subscriber", "Subscriber\Subscriber.csproj", "{0FB0D0BE-9FB4-42C4-A178-1E4B0196BBCF}"
EndProject
Project("{FAE04EC0-301F-11D3-BF4B-00C04F79EFBC}") = "SubscriberTwo", "SubscriberTwo\SubscriberTwo.csproj", "{F617878A-C1CB-4940-AD1F-6B414F0A27D3}"
EndProject
Global
	GlobalSection(SolutionConfigurationPlatforms) = preSolution
		Debug|Any CPU = Debug|Any CPU
		Release|Any CPU = Release|Any CPU
	EndGlobalSection
	GlobalSection(ProjectConfigurationPlatforms) = postSolution
		{A1200C92-7801-4AA0-B290-9D85CD800474}.Debug|Any CPU.ActiveCfg = Debug|Any CPU
		{A1200C92-7801-4AA0-B290-9D85CD800474}.Debug|Any CPU.Build.0 = Debug|Any CPU
		{A1200C92-7801-4AA0-B290-9D85CD800474}.Release|Any CPU.ActiveCfg = Release|Any CPU
		{A1200C92-7801-4AA0-B290-9D85CD800474}.Release|Any CPU.Build.0 = Release|Any CPU
		{0FB0D0BE-9FB4-42C4-A178-1E4B0196BBCF}.Debug|Any CPU.ActiveCfg = Debug|Any CPU
		{0FB0D0BE-9FB4-42C4-A178-1E4B0196BBCF}.Debug|Any CPU.Build.0 = Debug|Any CPU
		{0FB0D0BE-9FB4-42C4-A178-1E4B0196BBCF}.Release|Any CPU.ActiveCfg = Release|Any CPU
		{0FB0D0BE-9FB4-42C4-A178-1E4B0196BBCF}.Release|Any CPU.Build.0 = Release|Any CPU
		{F617878A-C1CB-4940-AD1F-6B414F0A27D3}.Debug|Any CPU.ActiveCfg = Debug|Any CPU
		{F617878A-C1CB-4940-AD1F-6B414F0A27D3}.Debug|Any CPU.Build.0 = Debug|Any CPU
		{F617878A-C1CB-4940-AD1F-6B414F0A27D3}.Release|Any CPU.ActiveCfg = Release|Any CPU
		{F617878A-C1CB-4940-AD1F-6B414F0A27D3}.Release|Any CPU.Build.0 = Release|Any CPU
	EndGlobalSection
	GlobalSection(SolutionProperties) = preSolution
		HideSolutionNode = FALSE
	EndGlobalSection
	GlobalSection(ExtensibilityGlobals) = postSolution
		SolutionGuid = {C9B78FBC-7B88-41C0-A081-B23F63218DD1}
	EndGlobalSection
EndGlobal
